// !$*UTF8*$!
{
	archiveVersion = 1;
	classes = {
	};
	objectVersion = 50;
	objects = {

/* Begin PBXBuildFile section */
		9815E712237DBCDA00B47563 /* AppDelegate.swift in Sources */ = {isa = PBXBuildFile; fileRef = 9815E711237DBCDA00B47563 /* AppDelegate.swift */; };
		9815E714237DBCDA00B47563 /* SceneDelegate.swift in Sources */ = {isa = PBXBuildFile; fileRef = 9815E713237DBCDA00B47563 /* SceneDelegate.swift */; };
		9815E716237DBCDA00B47563 /* ViewController.swift in Sources */ = {isa = PBXBuildFile; fileRef = 9815E715237DBCDA00B47563 /* ViewController.swift */; };
		9815E71E237DBCDD00B47563 /* Assets.xcassets in Resources */ = {isa = PBXBuildFile; fileRef = 9815E71D237DBCDD00B47563 /* Assets.xcassets */; };
		9815E721237DBCDD00B47563 /* LaunchScreen.storyboard in Resources */ = {isa = PBXBuildFile; fileRef = 9815E71F237DBCDD00B47563 /* LaunchScreen.storyboard */; };
		9815E72C237DBCDE00B47563 /* Coding_ChallengeTests.swift in Sources */ = {isa = PBXBuildFile; fileRef = 9815E72B237DBCDE00B47563 /* Coding_ChallengeTests.swift */; };
		9815E73F237DBDA500B47563 /* Album.swift in Sources */ = {isa = PBXBuildFile; fileRef = 9815E73E237DBDA500B47563 /* Album.swift */; };
		9815E741237DBDB500B47563 /* ViewModel.swift in Sources */ = {isa = PBXBuildFile; fileRef = 9815E740237DBDB500B47563 /* ViewModel.swift */; };
		9815E743237DBDD500B47563 /* ITunesAPI.swift in Sources */ = {isa = PBXBuildFile; fileRef = 9815E742237DBDD500B47563 /* ITunesAPI.swift */; };
		9815E745237DBDE300B47563 /* ITunesService.swift in Sources */ = {isa = PBXBuildFile; fileRef = 9815E744237DBDE300B47563 /* ITunesService.swift */; };
		9815E748237DBDFE00B47563 /* CacheManager.swift in Sources */ = {isa = PBXBuildFile; fileRef = 9815E747237DBDFE00B47563 /* CacheManager.swift */; };
		9815E74A237DBF1E00B47563 /* Decodable.swift in Sources */ = {isa = PBXBuildFile; fileRef = 9815E749237DBF1E00B47563 /* Decodable.swift */; };
		9815E74D237DC26000B47563 /* Coding_Challenge.xcdatamodeld in Sources */ = {isa = PBXBuildFile; fileRef = 9815E74B237DC26000B47563 /* Coding_Challenge.xcdatamodeld */; };
		98A0C628237DCB8000769D5C /* AlbumTableCell.swift in Sources */ = {isa = PBXBuildFile; fileRef = 98A0C627237DCB8000769D5C /* AlbumTableCell.swift */; };
		98A0C62A237DFE7C00769D5C /* UIView+Extension.swift in Sources */ = {isa = PBXBuildFile; fileRef = 98A0C629237DFE7C00769D5C /* UIView+Extension.swift */; };
		98A0C62C237E00BD00769D5C /* ViewController+Extension.swift in Sources */ = {isa = PBXBuildFile; fileRef = 98A0C62B237E00BD00769D5C /* ViewController+Extension.swift */; };
		98A0C630237E044A00769D5C /* DetailViewController.swift in Sources */ = {isa = PBXBuildFile; fileRef = 98A0C62F237E044A00769D5C /* DetailViewController.swift */; };
/* End PBXBuildFile section */

/* Begin PBXContainerItemProxy section */
		9815E728237DBCDE00B47563 /* PBXContainerItemProxy */ = {
			isa = PBXContainerItemProxy;
			containerPortal = 9815E706237DBCDA00B47563 /* Project object */;
			proxyType = 1;
			remoteGlobalIDString = 9815E70D237DBCDA00B47563;
			remoteInfo = "Coding Challenge";
		};
/* End PBXContainerItemProxy section */

/* Begin PBXFileReference section */
		9815E70E237DBCDA00B47563 /* Coding Challenge.app */ = {isa = PBXFileReference; explicitFileType = wrapper.application; includeInIndex = 0; path = "Coding Challenge.app"; sourceTree = BUILT_PRODUCTS_DIR; };
		9815E711237DBCDA00B47563 /* AppDelegate.swift */ = {isa = PBXFileReference; lastKnownFileType = sourcecode.swift; path = AppDelegate.swift; sourceTree = "<group>"; };
		9815E713237DBCDA00B47563 /* SceneDelegate.swift */ = {isa = PBXFileReference; lastKnownFileType = sourcecode.swift; path = SceneDelegate.swift; sourceTree = "<group>"; };
		9815E715237DBCDA00B47563 /* ViewController.swift */ = {isa = PBXFileReference; lastKnownFileType = sourcecode.swift; path = ViewController.swift; sourceTree = "<group>"; };
		9815E71D237DBCDD00B47563 /* Assets.xcassets */ = {isa = PBXFileReference; lastKnownFileType = folder.assetcatalog; path = Assets.xcassets; sourceTree = "<group>"; };
		9815E720237DBCDD00B47563 /* Base */ = {isa = PBXFileReference; lastKnownFileType = file.storyboard; name = Base; path = Base.lproj/LaunchScreen.storyboard; sourceTree = "<group>"; };
		9815E722237DBCDD00B47563 /* Info.plist */ = {isa = PBXFileReference; lastKnownFileType = text.plist.xml; path = Info.plist; sourceTree = "<group>"; };
		9815E727237DBCDE00B47563 /* Coding ChallengeTests.xctest */ = {isa = PBXFileReference; explicitFileType = wrapper.cfbundle; includeInIndex = 0; path = "Coding ChallengeTests.xctest"; sourceTree = BUILT_PRODUCTS_DIR; };
		9815E72B237DBCDE00B47563 /* Coding_ChallengeTests.swift */ = {isa = PBXFileReference; lastKnownFileType = sourcecode.swift; path = Coding_ChallengeTests.swift; sourceTree = "<group>"; };
		9815E72D237DBCDE00B47563 /* Info.plist */ = {isa = PBXFileReference; lastKnownFileType = text.plist.xml; path = Info.plist; sourceTree = "<group>"; };
		9815E73E237DBDA500B47563 /* Album.swift */ = {isa = PBXFileReference; lastKnownFileType = sourcecode.swift; path = Album.swift; sourceTree = "<group>"; };
		9815E740237DBDB500B47563 /* ViewModel.swift */ = {isa = PBXFileReference; lastKnownFileType = sourcecode.swift; path = ViewModel.swift; sourceTree = "<group>"; };
		9815E742237DBDD500B47563 /* ITunesAPI.swift */ = {isa = PBXFileReference; lastKnownFileType = sourcecode.swift; path = ITunesAPI.swift; sourceTree = "<group>"; };
		9815E744237DBDE300B47563 /* ITunesService.swift */ = {isa = PBXFileReference; lastKnownFileType = sourcecode.swift; path = ITunesService.swift; sourceTree = "<group>"; };
		9815E747237DBDFE00B47563 /* CacheManager.swift */ = {isa = PBXFileReference; lastKnownFileType = sourcecode.swift; path = CacheManager.swift; sourceTree = "<group>"; };
		9815E749237DBF1E00B47563 /* Decodable.swift */ = {isa = PBXFileReference; lastKnownFileType = sourcecode.swift; path = Decodable.swift; sourceTree = "<group>"; };
		9815E74C237DC26000B47563 /* Coding_Challenge.xcdatamodel */ = {isa = PBXFileReference; lastKnownFileType = wrapper.xcdatamodel; path = Coding_Challenge.xcdatamodel; sourceTree = "<group>"; };
		98A0C627237DCB8000769D5C /* AlbumTableCell.swift */ = {isa = PBXFileReference; lastKnownFileType = sourcecode.swift; path = AlbumTableCell.swift; sourceTree = "<group>"; };
		98A0C629237DFE7C00769D5C /* UIView+Extension.swift */ = {isa = PBXFileReference; lastKnownFileType = sourcecode.swift; path = "UIView+Extension.swift"; sourceTree = "<group>"; };
		98A0C62B237E00BD00769D5C /* ViewController+Extension.swift */ = {isa = PBXFileReference; lastKnownFileType = sourcecode.swift; path = "ViewController+Extension.swift"; sourceTree = "<group>"; };
		98A0C62F237E044A00769D5C /* DetailViewController.swift */ = {isa = PBXFileReference; lastKnownFileType = sourcecode.swift; path = DetailViewController.swift; sourceTree = "<group>"; };
/* End PBXFileReference section */

/* Begin PBXFrameworksBuildPhase section */
		9815E70B237DBCDA00B47563 /* Frameworks */ = {
			isa = PBXFrameworksBuildPhase;
			buildActionMask = 2147483647;
			files = (
			);
			runOnlyForDeploymentPostprocessing = 0;
		};
		9815E724237DBCDE00B47563 /* Frameworks */ = {
			isa = PBXFrameworksBuildPhase;
			buildActionMask = 2147483647;
			files = (
			);
			runOnlyForDeploymentPostprocessing = 0;
		};
/* End PBXFrameworksBuildPhase section */

/* Begin PBXGroup section */
		9815E705237DBCDA00B47563 = {
			isa = PBXGroup;
			children = (
				9815E710237DBCDA00B47563 /* Coding Challenge */,
				9815E72A237DBCDE00B47563 /* Coding ChallengeTests */,
				9815E70F237DBCDA00B47563 /* Products */,
			);
			sourceTree = "<group>";
		};
		9815E70F237DBCDA00B47563 /* Products */ = {
			isa = PBXGroup;
			children = (
				9815E70E237DBCDA00B47563 /* Coding Challenge.app */,
				9815E727237DBCDE00B47563 /* Coding ChallengeTests.xctest */,
			);
			name = Products;
			sourceTree = "<group>";
		};
		9815E710237DBCDA00B47563 /* Coding Challenge */ = {
			isa = PBXGroup;
			children = (
				9815E73B237DBD5700B47563 /* Model */,
				9815E739237DBD4900B47563 /* ViewModel */,
				9815E73A237DBD5200B47563 /* View */,
				9815E73C237DBD7400B47563 /* ViewController */,
				9815E73D237DBD8200B47563 /* Storyboard */,
				9815E738237DBD4100B47563 /* Service */,
				9815E737237DBD3800B47563 /* Extension */,
				9815E722237DBCDD00B47563 /* Info.plist */,
			);
			path = "Coding Challenge";
			sourceTree = "<group>";
		};
		9815E72A237DBCDE00B47563 /* Coding ChallengeTests */ = {
			isa = PBXGroup;
			children = (
				9815E72B237DBCDE00B47563 /* Coding_ChallengeTests.swift */,
				9815E72D237DBCDE00B47563 /* Info.plist */,
			);
			path = "Coding ChallengeTests";
			sourceTree = "<group>";
		};
		9815E737237DBD3800B47563 /* Extension */ = {
			isa = PBXGroup;
			children = (
				98A0C629237DFE7C00769D5C /* UIView+Extension.swift */,
				98A0C62B237E00BD00769D5C /* ViewController+Extension.swift */,
			);
			path = Extension;
			sourceTree = "<group>";
		};
		9815E738237DBD4100B47563 /* Service */ = {
			isa = PBXGroup;
			children = (
				9815E742237DBDD500B47563 /* ITunesAPI.swift */,
				9815E744237DBDE300B47563 /* ITunesService.swift */,
				9815E747237DBDFE00B47563 /* CacheManager.swift */,
			);
			path = Service;
			sourceTree = "<group>";
		};
		9815E739237DBD4900B47563 /* ViewModel */ = {
			isa = PBXGroup;
			children = (
				9815E740237DBDB500B47563 /* ViewModel.swift */,
			);
			path = ViewModel;
			sourceTree = "<group>";
		};
		9815E73A237DBD5200B47563 /* View */ = {
			isa = PBXGroup;
			children = (
				98A0C627237DCB8000769D5C /* AlbumTableCell.swift */,
				9815E71D237DBCDD00B47563 /* Assets.xcassets */,
			);
			path = View;
			sourceTree = "<group>";
		};
		9815E73B237DBD5700B47563 /* Model */ = {
			isa = PBXGroup;
			children = (
				9815E73E237DBDA500B47563 /* Album.swift */,
				9815E749237DBF1E00B47563 /* Decodable.swift */,
				9815E74B237DC26000B47563 /* Coding_Challenge.xcdatamodeld */,
			);
			path = Model;
			sourceTree = "<group>";
		};
		9815E73C237DBD7400B47563 /* ViewController */ = {
			isa = PBXGroup;
			children = (
				9815E715237DBCDA00B47563 /* ViewController.swift */,
				98A0C62F237E044A00769D5C /* DetailViewController.swift */,
			);
			path = ViewController;
			sourceTree = "<group>";
		};
		9815E73D237DBD8200B47563 /* Storyboard */ = {
			isa = PBXGroup;
			children = (
				9815E711237DBCDA00B47563 /* AppDelegate.swift */,
				9815E713237DBCDA00B47563 /* SceneDelegate.swift */,
				9815E71F237DBCDD00B47563 /* LaunchScreen.storyboard */,
			);
			path = Storyboard;
			sourceTree = "<group>";
		};
/* End PBXGroup section */

/* Begin PBXNativeTarget section */
		9815E70D237DBCDA00B47563 /* Coding Challenge */ = {
			isa = PBXNativeTarget;
			buildConfigurationList = 9815E730237DBCDE00B47563 /* Build configuration list for PBXNativeTarget "Coding Challenge" */;
			buildPhases = (
				9815E70A237DBCDA00B47563 /* Sources */,
				9815E70B237DBCDA00B47563 /* Frameworks */,
				9815E70C237DBCDA00B47563 /* Resources */,
			);
			buildRules = (
			);
			dependencies = (
			);
			name = "Coding Challenge";
			productName = "Coding Challenge";
			productReference = 9815E70E237DBCDA00B47563 /* Coding Challenge.app */;
			productType = "com.apple.product-type.application";
		};
		9815E726237DBCDE00B47563 /* Coding ChallengeTests */ = {
			isa = PBXNativeTarget;
			buildConfigurationList = 9815E733237DBCDE00B47563 /* Build configuration list for PBXNativeTarget "Coding ChallengeTests" */;
			buildPhases = (
				9815E723237DBCDE00B47563 /* Sources */,
				9815E724237DBCDE00B47563 /* Frameworks */,
				9815E725237DBCDE00B47563 /* Resources */,
			);
			buildRules = (
			);
			dependencies = (
				9815E729237DBCDE00B47563 /* PBXTargetDependency */,
			);
			name = "Coding ChallengeTests";
			productName = "Coding ChallengeTests";
			productReference = 9815E727237DBCDE00B47563 /* Coding ChallengeTests.xctest */;
			productType = "com.apple.product-type.bundle.unit-test";
		};
/* End PBXNativeTarget section */

/* Begin PBXProject section */
		9815E706237DBCDA00B47563 /* Project object */ = {
			isa = PBXProject;
			attributes = {
				LastSwiftUpdateCheck = 1120;
				LastUpgradeCheck = 1120;
				ORGANIZATIONNAME = Chris;
				TargetAttributes = {
					9815E70D237DBCDA00B47563 = {
						CreatedOnToolsVersion = 11.2.1;
					};
					9815E726237DBCDE00B47563 = {
						CreatedOnToolsVersion = 11.2.1;
						TestTargetID = 9815E70D237DBCDA00B47563;
					};
				};
			};
			buildConfigurationList = 9815E709237DBCDA00B47563 /* Build configuration list for PBXProject "Coding Challenge" */;
			compatibilityVersion = "Xcode 9.3";
			developmentRegion = en;
			hasScannedForEncodings = 0;
			knownRegions = (
				en,
				Base,
			);
			mainGroup = 9815E705237DBCDA00B47563;
			productRefGroup = 9815E70F237DBCDA00B47563 /* Products */;
			projectDirPath = "";
			projectRoot = "";
			targets = (
				9815E70D237DBCDA00B47563 /* Coding Challenge */,
				9815E726237DBCDE00B47563 /* Coding ChallengeTests */,
			);
		};
/* End PBXProject section */

/* Begin PBXResourcesBuildPhase section */
		9815E70C237DBCDA00B47563 /* Resources */ = {
			isa = PBXResourcesBuildPhase;
			buildActionMask = 2147483647;
			files = (
				9815E721237DBCDD00B47563 /* LaunchScreen.storyboard in Resources */,
				9815E71E237DBCDD00B47563 /* Assets.xcassets in Resources */,
			);
			runOnlyForDeploymentPostprocessing = 0;
		};
		9815E725237DBCDE00B47563 /* Resources */ = {
			isa = PBXResourcesBuildPhase;
			buildActionMask = 2147483647;
			files = (
			);
			runOnlyForDeploymentPostprocessing = 0;
		};
/* End PBXResourcesBuildPhase section */

/* Begin PBXSourcesBuildPhase section */
		9815E70A237DBCDA00B47563 /* Sources */ = {
			isa = PBXSourcesBuildPhase;
			buildActionMask = 2147483647;
			files = (
				98A0C628237DCB8000769D5C /* AlbumTableCell.swift in Sources */,
				9815E74A237DBF1E00B47563 /* Decodable.swift in Sources */,
				9815E74D237DC26000B47563 /* Coding_Challenge.xcdatamodeld in Sources */,
				9815E743237DBDD500B47563 /* ITunesAPI.swift in Sources */,
				9815E741237DBDB500B47563 /* ViewModel.swift in Sources */,
				98A0C62C237E00BD00769D5C /* ViewController+Extension.swift in Sources */,
				9815E716237DBCDA00B47563 /* ViewController.swift in Sources */,
				98A0C62A237DFE7C00769D5C /* UIView+Extension.swift in Sources */,
				9815E745237DBDE300B47563 /* ITunesService.swift in Sources */,
				9815E748237DBDFE00B47563 /* CacheManager.swift in Sources */,
				9815E712237DBCDA00B47563 /* AppDelegate.swift in Sources */,
				9815E714237DBCDA00B47563 /* SceneDelegate.swift in Sources */,
				9815E73F237DBDA500B47563 /* Album.swift in Sources */,
				98A0C630237E044A00769D5C /* DetailViewController.swift in Sources */,
			);
			runOnlyForDeploymentPostprocessing = 0;
		};
		9815E723237DBCDE00B47563 /* Sources */ = {
			isa = PBXSourcesBuildPhase;
			buildActionMask = 2147483647;
			files = (
				9815E72C237DBCDE00B47563 /* Coding_ChallengeTests.swift in Sources */,
			);
			runOnlyForDeploymentPostprocessing = 0;
		};
/* End PBXSourcesBuildPhase section */

/* Begin PBXTargetDependency section */
		9815E729237DBCDE00B47563 /* PBXTargetDependency */ = {
			isa = PBXTargetDependency;
			target = 9815E70D237DBCDA00B47563 /* Coding Challenge */;
			targetProxy = 9815E728237DBCDE00B47563 /* PBXContainerItemProxy */;
		};
/* End PBXTargetDependency section */

/* Begin PBXVariantGroup section */
		9815E71F237DBCDD00B47563 /* LaunchScreen.storyboard */ = {
			isa = PBXVariantGroup;
			children = (
				9815E720237DBCDD00B47563 /* Base */,
			);
			name = LaunchScreen.storyboard;
			sourceTree = "<group>";
		};
/* End PBXVariantGroup section */

/* Begin XCBuildConfiguration section */
		9815E72E237DBCDE00B47563 /* Debug */ = {
			isa = XCBuildConfiguration;
			buildSettings = {
				ALWAYS_SEARCH_USER_PATHS = NO;
				CLANG_ANALYZER_NONNULL = YES;
				CLANG_ANALYZER_NUMBER_OBJECT_CONVERSION = YES_AGGRESSIVE;
				CLANG_CXX_LANGUAGE_STANDARD = "gnu++14";
				CLANG_CXX_LIBRARY = "libc++";
				CLANG_ENABLE_MODULES = YES;
				CLANG_ENABLE_OBJC_ARC = YES;
				CLANG_ENABLE_OBJC_WEAK = YES;
				CLANG_WARN_BLOCK_CAPTURE_AUTORELEASING = YES;
				CLANG_WARN_BOOL_CONVERSION = YES;
				CLANG_WARN_COMMA = YES;
				CLANG_WARN_CONSTANT_CONVERSION = YES;
				CLANG_WARN_DEPRECATED_OBJC_IMPLEMENTATIONS = YES;
				CLANG_WARN_DIRECT_OBJC_ISA_USAGE = YES_ERROR;
				CLANG_WARN_DOCUMENTATION_COMMENTS = YES;
				CLANG_WARN_EMPTY_BODY = YES;
				CLANG_WARN_ENUM_CONVERSION = YES;
				CLANG_WARN_INFINITE_RECURSION = YES;
				CLANG_WARN_INT_CONVERSION = YES;
				CLANG_WARN_NON_LITERAL_NULL_CONVERSION = YES;
				CLANG_WARN_OBJC_IMPLICIT_RETAIN_SELF = YES;
				CLANG_WARN_OBJC_LITERAL_CONVERSION = YES;
				CLANG_WARN_OBJC_ROOT_CLASS = YES_ERROR;
				CLANG_WARN_RANGE_LOOP_ANALYSIS = YES;
				CLANG_WARN_STRICT_PROTOTYPES = YES;
				CLANG_WARN_SUSPICIOUS_MOVE = YES;
				CLANG_WARN_UNGUARDED_AVAILABILITY = YES_AGGRESSIVE;
				CLANG_WARN_UNREACHABLE_CODE = YES;
				CLANG_WARN__DUPLICATE_METHOD_MATCH = YES;
				COPY_PHASE_STRIP = NO;
				DEBUG_INFORMATION_FORMAT = dwarf;
				ENABLE_STRICT_OBJC_MSGSEND = YES;
				ENABLE_TESTABILITY = YES;
				GCC_C_LANGUAGE_STANDARD = gnu11;
				GCC_DYNAMIC_NO_PIC = NO;
				GCC_NO_COMMON_BLOCKS = YES;
				GCC_OPTIMIZATION_LEVEL = 0;
				GCC_PREPROCESSOR_DEFINITIONS = (
					"DEBUG=1",
					"$(inherited)",
				);
				GCC_WARN_64_TO_32_BIT_CONVERSION = YES;
				GCC_WARN_ABOUT_RETURN_TYPE = YES_ERROR;
				GCC_WARN_UNDECLARED_SELECTOR = YES;
				GCC_WARN_UNINITIALIZED_AUTOS = YES_AGGRESSIVE;
				GCC_WARN_UNUSED_FUNCTION = YES;
				GCC_WARN_UNUSED_VARIABLE = YES;
				IPHONEOS_DEPLOYMENT_TARGET = 13.2;
				MTL_ENABLE_DEBUG_INFO = INCLUDE_SOURCE;
				MTL_FAST_MATH = YES;
				ONLY_ACTIVE_ARCH = YES;
				SDKROOT = iphoneos;
				SWIFT_ACTIVE_COMPILATION_CONDITIONS = DEBUG;
				SWIFT_OPTIMIZATION_LEVEL = "-Onone";
			};
			name = Debug;
		};
		9815E72F237DBCDE00B47563 /* Release */ = {
			isa = XCBuildConfiguration;
			buildSettings = {
				ALWAYS_SEARCH_USER_PATHS = NO;
				CLANG_ANALYZER_NONNULL = YES;
				CLANG_ANALYZER_NUMBER_OBJECT_CONVERSION = YES_AGGRESSIVE;
				CLANG_CXX_LANGUAGE_STANDARD = "gnu++14";
				CLANG_CXX_LIBRARY = "libc++";
				CLANG_ENABLE_MODULES = YES;
				CLANG_ENABLE_OBJC_ARC = YES;
				CLANG_ENABLE_OBJC_WEAK = YES;
				CLANG_WARN_BLOCK_CAPTURE_AUTORELEASING = YES;
				CLANG_WARN_BOOL_CONVERSION = YES;
				CLANG_WARN_COMMA = YES;
				CLANG_WARN_CONSTANT_CONVERSION = YES;
				CLANG_WARN_DEPRECATED_OBJC_IMPLEMENTATIONS = YES;
				CLANG_WARN_DIRECT_OBJC_ISA_USAGE = YES_ERROR;
				CLANG_WARN_DOCUMENTATION_COMMENTS = YES;
				CLANG_WARN_EMPTY_BODY = YES;
				CLANG_WARN_ENUM_CONVERSION = YES;
				CLANG_WARN_INFINITE_RECURSION = YES;
				CLANG_WARN_INT_CONVERSION = YES;
				CLANG_WARN_NON_LITERAL_NULL_CONVERSION = YES;
				CLANG_WARN_OBJC_IMPLICIT_RETAIN_SELF = YES;
				CLANG_WARN_OBJC_LITERAL_CONVERSION = YES;
				CLANG_WARN_OBJC_ROOT_CLASS = YES_ERROR;
				CLANG_WARN_RANGE_LOOP_ANALYSIS = YES;
				CLANG_WARN_STRICT_PROTOTYPES = YES;
				CLANG_WARN_SUSPICIOUS_MOVE = YES;
				CLANG_WARN_UNGUARDED_AVAILABILITY = YES_AGGRESSIVE;
				CLANG_WARN_UNREACHABLE_CODE = YES;
				CLANG_WARN__DUPLICATE_METHOD_MATCH = YES;
				COPY_PHASE_STRIP = NO;
				DEBUG_INFORMATION_FORMAT = "dwarf-with-dsym";
				ENABLE_NS_ASSERTIONS = NO;
				ENABLE_STRICT_OBJC_MSGSEND = YES;
				GCC_C_LANGUAGE_STANDARD = gnu11;
				GCC_NO_COMMON_BLOCKS = YES;
				GCC_WARN_64_TO_32_BIT_CONVERSION = YES;
				GCC_WARN_ABOUT_RETURN_TYPE = YES_ERROR;
				GCC_WARN_UNDECLARED_SELECTOR = YES;
				GCC_WARN_UNINITIALIZED_AUTOS = YES_AGGRESSIVE;
				GCC_WARN_UNUSED_FUNCTION = YES;
				GCC_WARN_UNUSED_VARIABLE = YES;
				IPHONEOS_DEPLOYMENT_TARGET = 13.2;
				MTL_ENABLE_DEBUG_INFO = NO;
				MTL_FAST_MATH = YES;
				SDKROOT = iphoneos;
				SWIFT_COMPILATION_MODE = wholemodule;
				SWIFT_OPTIMIZATION_LEVEL = "-O";
				VALIDATE_PRODUCT = YES;
			};
			name = Release;
		};
		9815E731237DBCDE00B47563 /* Debug */ = {
			isa = XCBuildConfiguration;
			buildSettings = {
				ASSETCATALOG_COMPILER_APPICON_NAME = AppIcon;
				CODE_SIGN_STYLE = Automatic;
				DEVELOPMENT_TEAM = 72WC4L8NSM;
				INFOPLIST_FILE = "Coding Challenge/Info.plist";
				LD_RUNPATH_SEARCH_PATHS = (
					"$(inherited)",
					"@executable_path/Frameworks",
				);
				PRODUCT_BUNDLE_IDENTIFIER = "Chris.Coding-Challenge";
				PRODUCT_NAME = "$(TARGET_NAME)";
				SWIFT_VERSION = 5.0;
				TARGETED_DEVICE_FAMILY = "1,2";
			};
			name = Debug;
		};
		9815E732237DBCDE00B47563 /* Release */ = {
			isa = XCBuildConfiguration;
			buildSettings = {
				ASSETCATALOG_COMPILER_APPICON_NAME = AppIcon;
				CODE_SIGN_STYLE = Automatic;
				DEVELOPMENT_TEAM = 72WC4L8NSM;
				INFOPLIST_FILE = "Coding Challenge/Info.plist";
				LD_RUNPATH_SEARCH_PATHS = (
					"$(inherited)",
					"@executable_path/Frameworks",
				);
				PRODUCT_BUNDLE_IDENTIFIER = "Chris.Coding-Challenge";
				PRODUCT_NAME = "$(TARGET_NAME)";
				SWIFT_VERSION = 5.0;
				TARGETED_DEVICE_FAMILY = "1,2";
			};
			name = Release;
		};
		9815E734237DBCDE00B47563 /* Debug */ = {
			isa = XCBuildConfiguration;
			buildSettings = {
				ALWAYS_EMBED_SWIFT_STANDARD_LIBRARIES = YES;
				BUNDLE_LOADER = "$(TEST_HOST)";
				CODE_SIGN_STYLE = Automatic;
				DEVELOPMENT_TEAM = 72WC4L8NSM;
				INFOPLIST_FILE = "Coding ChallengeTests/Info.plist";
				IPHONEOS_DEPLOYMENT_TARGET = 13.2;
				LD_RUNPATH_SEARCH_PATHS = (
					"$(inherited)",
					"@executable_path/Frameworks",
					"@loader_path/Frameworks",
				);
				PRODUCT_BUNDLE_IDENTIFIER = "Chris.Coding-ChallengeTests";
				PRODUCT_NAME = "$(TARGET_NAME)";
				SWIFT_VERSION = 5.0;
				TARGETED_DEVICE_FAMILY = "1,2";
				TEST_HOST = "$(BUILT_PRODUCTS_DIR)/Coding Challenge.app/Coding Challenge";
			};
			name = Debug;
		};
		9815E735237DBCDE00B47563 /* Release */ = {
			isa = XCBuildConfiguration;
			buildSettings = {
				ALWAYS_EMBED_SWIFT_STANDARD_LIBRARIES = YES;
				BUNDLE_LOADER = "$(TEST_HOST)";
				CODE_SIGN_STYLE = Automatic;
				DEVELOPMENT_TEAM = 72WC4L8NSM;
				INFOPLIST_FILE = "Coding ChallengeTests/Info.plist";
				IPHONEOS_DEPLOYMENT_TARGET = 13.2;
				LD_RUNPATH_SEARCH_PATHS = (
					"$(inherited)",
					"@executable_path/Frameworks",
					"@loader_path/Frameworks",
				);
				PRODUCT_BUNDLE_IDENTIFIER = "Chris.Coding-ChallengeTests";
				PRODUCT_NAME = "$(TARGET_NAME)";
				SWIFT_VERSION = 5.0;
				TARGETED_DEVICE_FAMILY = "1,2";
				TEST_HOST = "$(BUILT_PRODUCTS_DIR)/Coding Challenge.app/Coding Challenge";
			};
			name = Release;
		};
/* End XCBuildConfiguration section */

/* Begin XCConfigurationList section */
		9815E709237DBCDA00B47563 /* Build configuration list for PBXProject "Coding Challenge" */ = {
			isa = XCConfigurationList;
			buildConfigurations = (
				9815E72E237DBCDE00B47563 /* Debug */,
				9815E72F237DBCDE00B47563 /* Release */,
			);
			defaultConfigurationIsVisible = 0;
			defaultConfigurationName = Release;
		};
		9815E730237DBCDE00B47563 /* Build configuration list for PBXNativeTarget "Coding Challenge" */ = {
			isa = XCConfigurationList;
			buildConfigurations = (
				9815E731237DBCDE00B47563 /* Debug */,
				9815E732237DBCDE00B47563 /* Release */,
			);
			defaultConfigurationIsVisible = 0;
			defaultConfigurationName = Release;
		};
		9815E733237DBCDE00B47563 /* Build configuration list for PBXNativeTarget "Coding ChallengeTests" */ = {
			isa = XCConfigurationList;
			buildConfigurations = (
				9815E734237DBCDE00B47563 /* Debug */,
				9815E735237DBCDE00B47563 /* Release */,
			);
			defaultConfigurationIsVisible = 0;
			defaultConfigurationName = Release;
		};
/* End XCConfigurationList section */

/* Begin XCVersionGroup section */
		9815E74B237DC26000B47563 /* Coding_Challenge.xcdatamodeld */ = {
			isa = XCVersionGroup;
			children = (
				9815E74C237DC26000B47563 /* Coding_Challenge.xcdatamodel */,
			);
			currentVersion = 9815E74C237DC26000B47563 /* Coding_Challenge.xcdatamodel */;
			path = Coding_Challenge.xcdatamodeld;
			sourceTree = "<group>";
			versionGroupType = wrapper.xcdatamodel;
		};
/* End XCVersionGroup section */
	};
	rootObject = 9815E706237DBCDA00B47563 /* Project object */;
}
